// !$*UTF8*$!
{
	archiveVersion = 1;
	classes = {
	};
	objectVersion = 70;
	objects = {

/* Begin PBXBuildFile section */
		0D2039AD115BFDFCB17F21B5 /* Supabase in Frameworks */ = {isa = PBXBuildFile; productRef = F31FD2177730D7E35D3E8D79 /* Supabase */; };
		1823CA042FFD19070005B9F7 /* WidgetKit.framework in Frameworks */ = {isa = PBXBuildFile; fileRef = 1823CA032FFD19060005B9F7 /* WidgetKit.framework */; };
		1823CA062FFD19070005B9F7 /* SwiftUI.framework in Frameworks */ = {isa = PBXBuildFile; fileRef = 1823CA052FFD19070005B9F7 /* SwiftUI.framework */; };
		1823CA152FFD19070005B9F7 /* LMSWidgetsExtension.appex in Embed Foundation Extensions */ = {isa = PBXBuildFile; fileRef = 1823CA012FFD19060005B9F7 /* LMSWidgetsExtension.appex */; settings = {ATTRIBUTES = (RemoveHeadersOnCopy, ); }; };
		18AA00022FFE000000000002 /* PaymentActivityAttributes.swift in Sources */ = {isa = PBXBuildFile; fileRef = 18AA00012FFE000000000001 /* PaymentActivityAttributes.swift */; };
		18AA00032FFE000000000003 /* PaymentActivityAttributes.swift in Sources */ = {isa = PBXBuildFile; fileRef = 18AA00012FFE000000000001 /* PaymentActivityAttributes.swift */; };
/* End PBXBuildFile section */

/* Begin PBXContainerItemProxy section */
		1823CA132FFD19070005B9F7 /* PBXContainerItemProxy */ = {
			isa = PBXContainerItemProxy;
			containerPortal = 1819DAC12FE9A8D200822398 /* Project object */;
			proxyType = 1;
			remoteGlobalIDString = 1823CA002FFD19060005B9F7;
			remoteInfo = LMSWidgetsExtension;
		};
/* End PBXContainerItemProxy section */

/* Begin PBXCopyFilesBuildPhase section */
		1823CA162FFD19070005B9F7 /* Embed Foundation Extensions */ = {
			isa = PBXCopyFilesBuildPhase;
			buildActionMask = 2147483647;
			dstPath = "";
			dstSubfolderSpec = 13;
			files = (
				1823CA152FFD19070005B9F7 /* LMSWidgetsExtension.appex in Embed Foundation Extensions */,
			);
			name = "Embed Foundation Extensions";
			runOnlyForDeploymentPostprocessing = 0;
		};
/* End PBXCopyFilesBuildPhase section */

/* Begin PBXFileReference section */
		1819DAC92FE9A8D200822398 /* LMS.app */ = {isa = PBXFileReference; explicitFileType = wrapper.application; includeInIndex = 0; path = LMS.app; sourceTree = BUILT_PRODUCTS_DIR; };
		1823CA012FFD19060005B9F7 /* LMSWidgetsExtension.appex */ = {isa = PBXFileReference; explicitFileType = "wrapper.app-extension"; includeInIndex = 0; path = LMSWidgetsExtension.appex; sourceTree = BUILT_PRODUCTS_DIR; };
		1823CA032FFD19060005B9F7 /* WidgetKit.framework */ = {isa = PBXFileReference; lastKnownFileType = wrapper.framework; name = WidgetKit.framework; path = System/Library/Frameworks/WidgetKit.framework; sourceTree = SDKROOT; };
		1823CA052FFD19070005B9F7 /* SwiftUI.framework */ = {isa = PBXFileReference; lastKnownFileType = wrapper.framework; name = SwiftUI.framework; path = System/Library/Frameworks/SwiftUI.framework; sourceTree = SDKROOT; };
		18AA00012FFE000000000001 /* PaymentActivityAttributes.swift */ = {isa = PBXFileReference; lastKnownFileType = sourcecode.swift; path = PaymentActivityAttributes.swift; sourceTree = "<group>"; };
/* End PBXFileReference section */

/* Begin PBXFileSystemSynchronizedBuildFileExceptionSet section */
		1816A1FA2FEB0116003D9B88 /* PBXFileSystemSynchronizedBuildFileExceptionSet */ = {
			isa = PBXFileSystemSynchronizedBuildFileExceptionSet;
			membershipExceptions = (
				Info.plist,
			);
			target = 1819DAC82FE9A8D200822398 /* LMS */;
		};
		1823CA1A2FFD19070005B9F7 /* PBXFileSystemSynchronizedBuildFileExceptionSet */ = {
			isa = PBXFileSystemSynchronizedBuildFileExceptionSet;
			membershipExceptions = (
				Info.plist,
			);
			target = 1823CA002FFD19060005B9F7 /* LMSWidgetsExtension */;
		};
/* End PBXFileSystemSynchronizedBuildFileExceptionSet section */

/* Begin PBXFileSystemSynchronizedRootGroup section */
		1819DACB2FE9A8D200822398 /* LMS */ = {isa = PBXFileSystemSynchronizedRootGroup; exceptions = (1816A1FA2FEB0116003D9B88 /* PBXFileSystemSynchronizedBuildFileExceptionSet */, ); explicitFileTypes = {}; explicitFolders = (); path = LMS; sourceTree = "<group>"; };
		1823CA072FFD19070005B9F7 /* LMSWidgets */ = {isa = PBXFileSystemSynchronizedRootGroup; exceptions = (1823CA1A2FFD19070005B9F7 /* PBXFileSystemSynchronizedBuildFileExceptionSet */, ); explicitFileTypes = {}; explicitFolders = (); path = LMSWidgets; sourceTree = "<group>"; };
/* End PBXFileSystemSynchronizedRootGroup section */

/* Begin PBXFrameworksBuildPhase section */
		1819DAC62FE9A8D200822398 /* Frameworks */ = {
			isa = PBXFrameworksBuildPhase;
			buildActionMask = 2147483647;
			files = (
				0D2039AD115BFDFCB17F21B5 /* Supabase in Frameworks */,
			);
			runOnlyForDeploymentPostprocessing = 0;
		};
		1823C9FE2FFD19060005B9F7 /* Frameworks */ = {
			isa = PBXFrameworksBuildPhase;
			buildActionMask = 2147483647;
			files = (
				1823CA062FFD19070005B9F7 /* SwiftUI.framework in Frameworks */,
				1823CA042FFD19070005B9F7 /* WidgetKit.framework in Frameworks */,
			);
			runOnlyForDeploymentPostprocessing = 0;
		};
/* End PBXFrameworksBuildPhase section */

/* Begin PBXGroup section */
		1819DAC02FE9A8D200822398 = {
			isa = PBXGroup;
			children = (
				18AA00042FFE000000000004 /* Shared */,
				1819DACB2FE9A8D200822398 /* LMS */,
				1823CA072FFD19070005B9F7 /* LMSWidgets */,
				1823CA022FFD19060005B9F7 /* Frameworks */,
				1819DACA2FE9A8D200822398 /* Products */,
			);
			sourceTree = "<group>";
		};
		1819DACA2FE9A8D200822398 /* Products */ = {
			isa = PBXGroup;
			children = (
				1819DAC92FE9A8D200822398 /* LMS.app */,
				1823CA012FFD19060005B9F7 /* LMSWidgetsExtension.appex */,
			);
			name = Products;
			sourceTree = "<group>";
		};
		1823CA022FFD19060005B9F7 /* Frameworks */ = {
			isa = PBXGroup;
			children = (
				1823CA032FFD19060005B9F7 /* WidgetKit.framework */,
				1823CA052FFD19070005B9F7 /* SwiftUI.framework */,
			);
			name = Frameworks;
			sourceTree = "<group>";
		};
		18AA00042FFE000000000004 /* Shared */ = {
			isa = PBXGroup;
			children = (
				18AA00012FFE000000000001 /* PaymentActivityAttributes.swift */,
			);
			path = Shared;
			sourceTree = "<group>";
		};
/* End PBXGroup section */

/* Begin PBXNativeTarget section */
		1819DAC82FE9A8D200822398 /* LMS */ = {
			isa = PBXNativeTarget;
			buildConfigurationList = 1819DAD42FE9A8D300822398 /* Build configuration list for PBXNativeTarget "LMS" */;
			buildPhases = (
				1819DAC52FE9A8D200822398 /* Sources */,
				1819DAC62FE9A8D200822398 /* Frameworks */,
				1819DAC72FE9A8D200822398 /* Resources */,
				1823CA162FFD19070005B9F7 /* Embed Foundation Extensions */,
			);
			buildRules = (
			);
			dependencies = (
				1823CA142FFD19070005B9F7 /* PBXTargetDependency */,
			);
			fileSystemSynchronizedGroups = (
				1819DACB2FE9A8D200822398 /* LMS */,
			);
			name = LMS;
			packageProductDependencies = (
				F31FD2177730D7E35D3E8D79 /* Supabase */,
			);
			productName = LMS;
			productReference = 1819DAC92FE9A8D200822398 /* LMS.app */;
			productType = "com.apple.product-type.application";
		};
		1823CA002FFD19060005B9F7 /* LMSWidgetsExtension */ = {
			isa = PBXNativeTarget;
			buildConfigurationList = 1823CA192FFD19070005B9F7 /* Build configuration list for PBXNativeTarget "LMSWidgetsExtension" */;
			buildPhases = (
				1823C9FD2FFD19060005B9F7 /* Sources */,
				1823C9FE2FFD19060005B9F7 /* Frameworks */,
				1823C9FF2FFD19060005B9F7 /* Resources */,
			);
			buildRules = (
			);
			dependencies = (
			);
			fileSystemSynchronizedGroups = (
				1823CA072FFD19070005B9F7 /* LMSWidgets */,
			);
			name = LMSWidgetsExtension;
			packageProductDependencies = (
			);
			productName = LMSWidgetsExtension;
			productReference = 1823CA012FFD19060005B9F7 /* LMSWidgetsExtension.appex */;
			productType = "com.apple.product-type.app-extension";
		};
/* End PBXNativeTarget section */

/* Begin PBXProject section */
		1819DAC12FE9A8D200822398 /* Project object */ = {
			isa = PBXProject;
			attributes = {
				BuildIndependentTargetsInParallel = 1;
				LastSwiftUpdateCheck = 2700;
				LastUpgradeCheck = 2650;
				TargetAttributes = {
					1819DAC82FE9A8D200822398 = {
						CreatedOnToolsVersion = 26.5;
					};
					1823CA002FFD19060005B9F7 = {
						CreatedOnToolsVersion = 27.0;
					};
				};
			};
			buildConfigurationList = 1819DAC42FE9A8D200822398 /* Build configuration list for PBXProject "LMS" */;
			compatibilityVersion = "Xcode 16.0.Superseded.1";
			developmentRegion = en;
			hasScannedForEncodings = 0;
			knownRegions = (
				en,
				Base,
			);
			mainGroup = 1819DAC02FE9A8D200822398;
			minimizedProjectReferenceProxies = 1;
			packageReferences = (
				70D5E6AD7B64DBF45D6E9150 /* XCRemoteSwiftPackageReference "supabase-swift" */,
			);
			productRefGroup = 1819DACA2FE9A8D200822398 /* Products */;
			projectDirPath = "";
			projectRoot = "";
			targets = (
				1819DAC82FE9A8D200822398 /* LMS */,
				1823CA002FFD19060005B9F7 /* LMSWidgetsExtension */,
			);
		};
/* End PBXProject section */

/* Begin PBXResourcesBuildPhase section */
		1819DAC72FE9A8D200822398 /* Resources */ = {
			isa = PBXResourcesBuildPhase;
			buildActionMask = 2147483647;
			files = (
			);
			runOnlyForDeploymentPostprocessing = 0;
		};
		1823C9FF2FFD19060005B9F7 /* Resources */ = {
			isa = PBXResourcesBuildPhase;
			buildActionMask = 2147483647;
			files = (
			);
			runOnlyForDeploymentPostprocessing = 0;
		};
/* End PBXResourcesBuildPhase section */

/* Begin PBXSourcesBuildPhase section */
		1819DAC52FE9A8D200822398 /* Sources */ = {
			isa = PBXSourcesBuildPhase;
			buildActionMask = 2147483647;
			files = (
				18AA00022FFE000000000002 /* PaymentActivityAttributes.swift in Sources */,
			);
			runOnlyForDeploymentPostprocessing = 0;
		};
		1823C9FD2FFD19060005B9F7 /* Sources */ = {
			isa = PBXSourcesBuildPhase;
			buildActionMask = 2147483647;
			files = (
				18AA00032FFE000000000003 /* PaymentActivityAttributes.swift in Sources */,
			);
			runOnlyForDeploymentPostprocessing = 0;
		};
/* End PBXSourcesBuildPhase section */

/* Begin PBXTargetDependency section */
		1823CA142FFD19070005B9F7 /* PBXTargetDependency */ = {
			isa = PBXTargetDependency;
			target = 1823CA002FFD19060005B9F7 /* LMSWidgetsExtension */;
			targetProxy = 1823CA132FFD19070005B9F7 /* PBXContainerItemProxy */;
		};
/* End PBXTargetDependency section */

/* Begin XCBuildConfiguration section */
		1819DAD22FE9A8D300822398 /* Debug */ = {
			isa = XCBuildConfiguration;
			buildSettings = {
				ALWAYS_SEARCH_USER_PATHS = NO;
				ASSETCATALOG_COMPILER_GENERATE_SWIFT_ASSET_SYMBOL_EXTENSIONS = YES;
				CLANG_ANALYZER_NONNULL = YES;
				CLANG_ANALYZER_NUMBER_OBJECT_CONVERSION = YES_AGGRESSIVE;
				CLANG_CXX_LANGUAGE_STANDARD = "gnu++20";
				CLANG_ENABLE_MODULES = YES;
				CLANG_ENABLE_OBJC_ARC = YES;
				CLANG_ENABLE_OBJC_WEAK = YES;
				CLANG_WARN_BLOCK_CAPTURE_AUTORELEASING = YES;
				CLANG_WARN_BOOL_CONVERSION = YES;
				CLANG_WARN_COMMA = YES;
				CLANG_WARN_CONSTANT_CONVERSION = YES;
				CLANG_WARN_DEPRECATED_OBJC_IMPLEMENTATIONS = YES;
				CLANG_WARN_DIRECT_OBJC_ISA_USAGE = YES_ERROR;
				CLANG_WARN_DOCUMENTATION_COMMENTS = YES;
				CLANG_WARN_EMPTY_BODY = YES;
				CLANG_WARN_ENUM_CONVERSION = YES;
				CLANG_WARN_INFINITE_RECURSION = YES;
				CLANG_WARN_INT_CONVERSION = YES;
				CLANG_WARN_NON_LITERAL_NULL_CONVERSION = YES;
				CLANG_WARN_OBJC_IMPLICIT_RETAIN_SELF = YES;
				CLANG_WARN_OBJC_LITERAL_CONVERSION = YES;
				CLANG_WARN_OBJC_ROOT_CLASS = YES_ERROR;
				CLANG_WARN_QUOTED_INCLUDE_IN_FRAMEWORK_HEADER = YES;
				CLANG_WARN_RANGE_LOOP_ANALYSIS = YES;
				CLANG_WARN_STRICT_PROTOTYPES = YES;
				CLANG_WARN_SUSPICIOUS_MOVE = YES;
				CLANG_WARN_UNGUARDED_AVAILABILITY = YES_AGGRESSIVE;
				CLANG_WARN_UNREACHABLE_CODE = YES;
				CLANG_WARN__DUPLICATE_METHOD_MATCH = YES;
				COPY_PHASE_STRIP = NO;
				DEBUG_INFORMATION_FORMAT = dwarf;
				DEVELOPMENT_TEAM = A92V46D8LJ;
				ENABLE_STRICT_OBJC_MSGSEND = YES;
				ENABLE_TESTABILITY = YES;
				ENABLE_USER_SCRIPT_SANDBOXING = YES;
				GCC_C_LANGUAGE_STANDARD = gnu17;
				GCC_DYNAMIC_NO_PIC = NO;
				GCC_NO_COMMON_BLOCKS = YES;
				GCC_OPTIMIZATION_LEVEL = 0;
				GCC_PREPROCESSOR_DEFINITIONS = (
					"DEBUG=1",
					"$(inherited)",
				);
				GCC_WARN_64_TO_32_BIT_CONVERSION = YES;
				GCC_WARN_ABOUT_RETURN_TYPE = YES_ERROR;
				GCC_WARN_UNDECLARED_SELECTOR = YES;
				GCC_WARN_UNINITIALIZED_AUTOS = YES_AGGRESSIVE;
				GCC_WARN_UNUSED_FUNCTION = YES;
				GCC_WARN_UNUSED_VARIABLE = YES;
				IPHONEOS_DEPLOYMENT_TARGET = 26.0;
				LOCALIZATION_PREFERS_STRING_CATALOGS = YES;
				MTL_ENABLE_DEBUG_INFO = INCLUDE_SOURCE;
				MTL_FAST_MATH = YES;
				ONLY_ACTIVE_ARCH = YES;
				SDKROOT = iphoneos;
				SWIFT_ACTIVE_COMPILATION_CONDITIONS = "DEBUG $(inherited)";
				SWIFT_OPTIMIZATION_LEVEL = "-Onone";
			};
			name = Debug;
		};
		1819DAD32FE9A8D300822398 /* Release */ = {
			isa = XCBuildConfiguration;
			buildSettings = {
				ALWAYS_SEARCH_USER_PATHS = NO;
				ASSETCATALOG_COMPILER_GENERATE_SWIFT_ASSET_SYMBOL_EXTENSIONS = YES;
				CLANG_ANALYZER_NONNULL = YES;
				CLANG_ANALYZER_NUMBER_OBJECT_CONVERSION = YES_AGGRESSIVE;
				CLANG_CXX_LANGUAGE_STANDARD = "gnu++20";
				CLANG_ENABLE_MODULES = YES;
				CLANG_ENABLE_OBJC_ARC = YES;
				CLANG_ENABLE_OBJC_WEAK = YES;
				CLANG_WARN_BLOCK_CAPTURE_AUTORELEASING = YES;
				CLANG_WARN_BOOL_CONVERSION = YES;
				CLANG_WARN_COMMA = YES;
				CLANG_WARN_CONSTANT_CONVERSION = YES;
				CLANG_WARN_DEPRECATED_OBJC_IMPLEMENTATIONS = YES;
				CLANG_WARN_DIRECT_OBJC_ISA_USAGE = YES_ERROR;
				CLANG_WARN_DOCUMENTATION_COMMENTS = YES;
				CLANG_WARN_EMPTY_BODY = YES;
				CLANG_WARN_ENUM_CONVERSION = YES;
				CLANG_WARN_INFINITE_RECURSION = YES;
				CLANG_WARN_INT_CONVERSION = YES;
				CLANG_WARN_NON_LITERAL_NULL_CONVERSION = YES;
				CLANG_WARN_OBJC_IMPLICIT_RETAIN_SELF = YES;
				CLANG_WARN_OBJC_LITERAL_CONVERSION = YES;
				CLANG_WARN_OBJC_ROOT_CLASS = YES_ERROR;
				CLANG_WARN_QUOTED_INCLUDE_IN_FRAMEWORK_HEADER = YES;
				CLANG_WARN_RANGE_LOOP_ANALYSIS = YES;
				CLANG_WARN_STRICT_PROTOTYPES = YES;
				CLANG_WARN_SUSPICIOUS_MOVE = YES;
				CLANG_WARN_UNGUARDED_AVAILABILITY = YES_AGGRESSIVE;
				CLANG_WARN_UNREACHABLE_CODE = YES;
				CLANG_WARN__DUPLICATE_METHOD_MATCH = YES;
				COPY_PHASE_STRIP = NO;
				DEBUG_INFORMATION_FORMAT = "dwarf-with-dsym";
				DEVELOPMENT_TEAM = A92V46D8LJ;
				ENABLE_NS_ASSERTIONS = NO;
				ENABLE_STRICT_OBJC_MSGSEND = YES;
				ENABLE_USER_SCRIPT_SANDBOXING = YES;
				GCC_C_LANGUAGE_STANDARD = gnu17;
				GCC_NO_COMMON_BLOCKS = YES;
				GCC_WARN_64_TO_32_BIT_CONVERSION = YES;
				GCC_WARN_ABOUT_RETURN_TYPE = YES_ERROR;
				GCC_WARN_UNDECLARED_SELECTOR = YES;
				GCC_WARN_UNINITIALIZED_AUTOS = YES_AGGRESSIVE;
				GCC_WARN_UNUSED_FUNCTION = YES;
				GCC_WARN_UNUSED_VARIABLE = YES;
				IPHONEOS_DEPLOYMENT_TARGET = 26.0;
				LOCALIZATION_PREFERS_STRING_CATALOGS = YES;
				MTL_ENABLE_DEBUG_INFO = NO;
				MTL_FAST_MATH = YES;
				SDKROOT = iphoneos;
				SWIFT_COMPILATION_MODE = wholemodule;
				VALIDATE_PRODUCT = YES;
			};
			name = Release;
		};
		1819DAD52FE9A8D300822398 /* Debug */ = {
			isa = XCBuildConfiguration;
			buildSettings = {
				ASSETCATALOG_COMPILER_APPICON_NAME = AppIcon;
				ASSETCATALOG_COMPILER_GLOBAL_ACCENT_COLOR_NAME = AccentColor;
				CODE_SIGN_ENTITLEMENTS = LMS/LMS.entitlements;
				CODE_SIGN_STYLE = Automatic;
				CURRENT_PROJECT_VERSION = 1;
				DEVELOPMENT_TEAM = A92V46D8LJ;
				ENABLE_PREVIEWS = YES;
				GENERATE_INFOPLIST_FILE = YES;
				INFOPLIST_FILE = LMS/Info.plist;
				INFOPLIST_KEY_NSCameraUsageDescription = "Capture a selfie for identity verification.";
				INFOPLIST_KEY_NSLocationWhenInUseUsageDescription = "We use your location to find the nearest branch and assign a loan officer to your application.";
				INFOPLIST_KEY_NSMicrophoneUsageDescription = "We need microphone access so you can speak to the AI Financial Advisor.";
				INFOPLIST_KEY_NSPhotoLibraryUsageDescription = "Select identity and loan documents for secure upload.";
				INFOPLIST_KEY_NSSpeechRecognitionUsageDescription = "We use speech recognition to allow you to talk to the AI Financial Advisor instead of typing.";
				INFOPLIST_KEY_NSSupportsLiveActivities = YES;
				INFOPLIST_KEY_UIApplicationSceneManifest_Generation = YES;
				INFOPLIST_KEY_UIApplicationSupportsIndirectInputEvents = YES;
				INFOPLIST_KEY_UILaunchScreen_Generation = YES;
				INFOPLIST_KEY_UISupportedInterfaceOrientations_iPad = "UIInterfaceOrientationPortrait UIInterfaceOrientationPortraitUpsideDown UIInterfaceOrientationLandscapeLeft UIInterfaceOrientationLandscapeRight";
				INFOPLIST_KEY_UISupportedInterfaceOrientations_iPhone = "UIInterfaceOrientationPortrait UIInterfaceOrientationLandscapeLeft UIInterfaceOrientationLandscapeRight";
				LD_RUNPATH_SEARCH_PATHS = (
					"$(inherited)",
					"@executable_path/Frameworks",
				);
				MARKETING_VERSION = 1.0;
				PRODUCT_BUNDLE_IDENTIFIER = com.sourav.hi123.LMS;
				PRODUCT_NAME = "$(TARGET_NAME)";
				INFOPLIST_KEY_CFBundleDisplayName = Loanz;
				STRING_CATALOG_GENERATE_SYMBOLS = YES;
				SWIFT_APPROACHABLE_CONCURRENCY = YES;
				SWIFT_DEFAULT_ACTOR_ISOLATION = MainActor;
				SWIFT_EMIT_LOC_STRINGS = YES;
				SWIFT_UPCOMING_FEATURE_MEMBER_IMPORT_VISIBILITY = YES;
				SWIFT_VERSION = 5.0;
				TARGETED_DEVICE_FAMILY = "1,2";
			};
			name = Debug;
		};
		1819DAD62FE9A8D300822398 /* Release */ = {
			isa = XCBuildConfiguration;
			buildSettings = {
				ASSETCATALOG_COMPILER_APPICON_NAME = AppIcon;
				ASSETCATALOG_COMPILER_GLOBAL_ACCENT_COLOR_NAME = AccentColor;
				CODE_SIGN_ENTITLEMENTS = LMS/LMS.entitlements;
				CODE_SIGN_STYLE = Automatic;
				CURRENT_PROJECT_VERSION = 1;
				DEVELOPMENT_TEAM = A92V46D8LJ;
				ENABLE_PREVIEWS = YES;
				GENERATE_INFOPLIST_FILE = YES;
				INFOPLIST_FILE = LMS/Info.plist;
				INFOPLIST_KEY_NSCameraUsageDescription = "Capture a selfie for identity verification.";
				INFOPLIST_KEY_NSLocationWhenInUseUsageDescription = "We use your location to find the nearest branch and assign a loan officer to your application.";
				INFOPLIST_KEY_NSMicrophoneUsageDescription = "We need microphone access so you can speak to the AI Financial Advisor.";
				INFOPLIST_KEY_NSPhotoLibraryUsageDescription = "Select identity and loan documents for secure upload.";
				INFOPLIST_KEY_NSSpeechRecognitionUsageDescription = "We use speech recognition to allow you to talk to the AI Financial Advisor instead of typing.";
				INFOPLIST_KEY_NSSupportsLiveActivities = YES;
				INFOPLIST_KEY_UIApplicationSceneManifest_Generation = YES;
				INFOPLIST_KEY_UIApplicationSupportsIndirectInputEvents = YES;
				INFOPLIST_KEY_UILaunchScreen_Generation = YES;
				INFOPLIST_KEY_UISupportedInterfaceOrientations_iPad = "UIInterfaceOrientationPortrait UIInterfaceOrientationPortraitUpsideDown UIInterfaceOrientationLandscapeLeft UIInterfaceOrientationLandscapeRight";
				INFOPLIST_KEY_UISupportedInterfaceOrientations_iPhone = "UIInterfaceOrientationPortrait UIInterfaceOrientationLandscapeLeft UIInterfaceOrientationLandscapeRight";
				LD_RUNPATH_SEARCH_PATHS = (
					"$(inherited)",
					"@executable_path/Frameworks",
				);
				MARKETING_VERSION = 1.0;
				PRODUCT_BUNDLE_IDENTIFIER = com.sourav.hi123.LMS;
				PRODUCT_NAME = "$(TARGET_NAME)";
				INFOPLIST_KEY_CFBundleDisplayName = Loanz;
				STRING_CATALOG_GENERATE_SYMBOLS = YES;
				SWIFT_APPROACHABLE_CONCURRENCY = YES;
				SWIFT_DEFAULT_ACTOR_ISOLATION = MainActor;
				SWIFT_EMIT_LOC_STRINGS = YES;
				SWIFT_UPCOMING_FEATURE_MEMBER_IMPORT_VISIBILITY = YES;
				SWIFT_VERSION = 5.0;
				TARGETED_DEVICE_FAMILY = "1,2";
			};
			name = Release;
		};
		1823CA172FFD19070005B9F7 /* Debug */ = {
			isa = XCBuildConfiguration;
			buildSettings = {
				ASSETCATALOG_COMPILER_GLOBAL_ACCENT_COLOR_NAME = AccentColor;
				ASSETCATALOG_COMPILER_WIDGET_BACKGROUND_COLOR_NAME = WidgetBackground;
				CODE_SIGN_ENTITLEMENTS = LMSWidgets/LMSWidgets.entitlements;
				CODE_SIGN_STYLE = Automatic;
				CURRENT_PROJECT_VERSION = 1;
				DEVELOPMENT_TEAM = A92V46D8LJ;
				GENERATE_INFOPLIST_FILE = YES;
				INFOPLIST_FILE = LMSWidgets/Info.plist;
				INFOPLIST_KEY_CFBundleDisplayName = LMSWidgets;
				INFOPLIST_KEY_NSHumanReadableCopyright = "";
				IPHONEOS_DEPLOYMENT_TARGET = 26.0;
				LD_RUNPATH_SEARCH_PATHS = (
					"$(inherited)",
					"@executable_path/Frameworks",
					"@executable_path/../../Frameworks",
				);
				MARKETING_VERSION = 1.0;
				PRODUCT_BUNDLE_IDENTIFIER = com.sourav.hi123.LMS.LMSWidgets;
				PRODUCT_NAME = "$(TARGET_NAME)";
				INFOPLIST_KEY_CFBundleDisplayName = Loanz;
				SKIP_INSTALL = YES;
				STRING_CATALOG_GENERATE_SYMBOLS = YES;
				SWIFT_APPROACHABLE_CONCURRENCY = YES;
				SWIFT_EMIT_LOC_STRINGS = YES;
				SWIFT_UPCOMING_FEATURE_MEMBER_IMPORT_VISIBILITY = YES;
				SWIFT_VERSION = 5.0;
				TARGETED_DEVICE_FAMILY = "1,2";
			};
			name = Debug;
		};
		1823CA182FFD19070005B9F7 /* Release */ = {
			isa = XCBuildConfiguration;
			buildSettings = {
				ASSETCATALOG_COMPILER_GLOBAL_ACCENT_COLOR_NAME = AccentColor;
				ASSETCATALOG_COMPILER_WIDGET_BACKGROUND_COLOR_NAME = WidgetBackground;
				CODE_SIGN_ENTITLEMENTS = LMSWidgets/LMSWidgets.entitlements;
				CODE_SIGN_STYLE = Automatic;
				CURRENT_PROJECT_VERSION = 1;
				DEVELOPMENT_TEAM = A92V46D8LJ;
				GENERATE_INFOPLIST_FILE = YES;
				INFOPLIST_FILE = LMSWidgets/Info.plist;
				INFOPLIST_KEY_CFBundleDisplayName = LMSWidgets;
				INFOPLIST_KEY_NSHumanReadableCopyright = "";
				IPHONEOS_DEPLOYMENT_TARGET = 26.0;
				LD_RUNPATH_SEARCH_PATHS = (
					"$(inherited)",
					"@executable_path/Frameworks",
					"@executable_path/../../Frameworks",
				);
				MARKETING_VERSION = 1.0;
				PRODUCT_BUNDLE_IDENTIFIER = com.sourav.hi123.LMS.LMSWidgets;
				PRODUCT_NAME = "$(TARGET_NAME)";
				INFOPLIST_KEY_CFBundleDisplayName = Loanz;
				SKIP_INSTALL = YES;
				STRING_CATALOG_GENERATE_SYMBOLS = YES;
				SWIFT_APPROACHABLE_CONCURRENCY = YES;
				SWIFT_EMIT_LOC_STRINGS = YES;
				SWIFT_UPCOMING_FEATURE_MEMBER_IMPORT_VISIBILITY = YES;
				SWIFT_VERSION = 5.0;
				TARGETED_DEVICE_FAMILY = "1,2";
			};
			name = Release;
		};
/* End XCBuildConfiguration section */

/* Begin XCConfigurationList section */
		1819DAC42FE9A8D200822398 /* Build configuration list for PBXProject "LMS" */ = {
			isa = XCConfigurationList;
			buildConfigurations = (
				1819DAD22FE9A8D300822398 /* Debug */,
				1819DAD32FE9A8D300822398 /* Release */,
			);
			defaultConfigurationIsVisible = 0;
			defaultConfigurationName = Release;
		};
		1819DAD42FE9A8D300822398 /* Build configuration list for PBXNativeTarget "LMS" */ = {
			isa = XCConfigurationList;
			buildConfigurations = (
				1819DAD52FE9A8D300822398 /* Debug */,
				1819DAD62FE9A8D300822398 /* Release */,
			);
			defaultConfigurationIsVisible = 0;
			defaultConfigurationName = Release;
		};
		1823CA192FFD19070005B9F7 /* Build configuration list for PBXNativeTarget "LMSWidgetsExtension" */ = {
			isa = XCConfigurationList;
			buildConfigurations = (
				1823CA172FFD19070005B9F7 /* Debug */,
				1823CA182FFD19070005B9F7 /* Release */,
			);
			defaultConfigurationIsVisible = 0;
			defaultConfigurationName = Release;
		};
/* End XCConfigurationList section */

/* Begin XCRemoteSwiftPackageReference section */
		70D5E6AD7B64DBF45D6E9150 /* XCRemoteSwiftPackageReference "supabase-swift" */ = {
			isa = XCRemoteSwiftPackageReference;
			repositoryURL = "https://github.com/supabase/supabase-swift";
			requirement = {
				kind = upToNextMajorVersion;
				minimumVersion = 2.48.0;
			};
		};
/* End XCRemoteSwiftPackageReference section */

/* Begin XCSwiftPackageProductDependency section */
		F31FD2177730D7E35D3E8D79 /* Supabase */ = {
			isa = XCSwiftPackageProductDependency;
			package = 70D5E6AD7B64DBF45D6E9150 /* XCRemoteSwiftPackageReference "supabase-swift" */;
			productName = Supabase;
		};
/* End XCSwiftPackageProductDependency section */
	};
	rootObject = 1819DAC12FE9A8D200822398 /* Project object */;
}
